# @generated - this file is auto-generated by `mise lock` https://mise.jdx.dev/dev-tools/mise-lock.html

lockfile_version = 2

[[tools.uv]]
version = "0.12.12"
backend = "aqua:astral-sh/uv"
specifiers = ["0.12.12"]

[tools.uv."platforms.linux-arm64"]
checksum = "sha256:fe08db50cc1b56cd1da7801065ed1103d27ed3f9571cd122386cfc7faf1b8df5"
url = "https://github.com/astral-sh/uv/releases/download/0.12.12/uv-aarch64-unknown-linux-gnu.tar.gz"
url_api = "https://api.github.com/repos/astral-sh/uv/releases/assets/553169214"
provenance = "github-attestations"

[tools.uv."platforms.linux-arm64-musl"]
checksum = "sha256:82e59fff633cbd96fb675f37c7a748c056d909a59ecf476f8ff0e5bee76b9b23"
url = "https://github.com/astral-sh/uv/releases/download/0.12.12/uv-aarch64-unknown-linux-musl.tar.gz"
url_api = "https://api.github.com/repos/astral-sh/uv/releases/assets/553169225"
provenance = "github-attestations"

[tools.uv."platforms.linux-x64"]
checksum = "sha256:ab9b309d4586403f024e100abaceb396616e178a553e2500c36087d180f09509"
url = "https://github.com/astral-sh/uv/releases/download/0.12.12/uv-x86_64-unknown-linux-gnu.tar.gz"
url_api = "https://api.github.com/repos/astral-sh/uv/releases/assets/553169491"
provenance = "github-attestations"

[tools.uv."platforms.linux-x64-musl"]
checksum = "sha256:0b0bbd7144f91d9b694e29c920fca3a060322bd134e8507e5eb92049a3e2edf0"
url = "https://github.com/astral-sh/uv/releases/download/0.12.12/uv-x86_64-unknown-linux-musl.tar.gz"
url_api = "https://api.github.com/repos/astral-sh/uv/releases/assets/553169515"
provenance = "github-attestations"

[tools.uv."platforms.macos-arm64"]
checksum = "sha256:46740540b63fdee9a6cb2e19baf3f1f475b850c440a33e63455087a6871263f1"
url = "https://github.com/astral-sh/uv/releases/download/0.12.12/uv-aarch64-apple-darwin.tar.gz"
url_api = "https://api.github.com/repos/astral-sh/uv/releases/assets/553169165"
provenance = "github-attestations"

[tools.uv."platforms.macos-x64"]
checksum = "sha256:0dc8cd6c961582b0d140b5398f96b23502885277fb3464241456a2435e460dfa"
url = "https://github.com/astral-sh/uv/releases/download/0.12.12/uv-x86_64-apple-darwin.tar.gz"
url_api = "https://api.github.com/repos/astral-sh/uv/releases/assets/553169443"
provenance = "github-attestations"

[tools.uv."platforms.windows-x64"]
checksum = "sha256:3d54912924c36e862c14f427d04f2ed70a99e8001d1c30caa101f6d5711626d5"
url = "https://github.com/astral-sh/uv/releases/download/0.12.12/uv-x86_64-pc-windows-msvc.zip"
url_api = "https://api.github.com/repos/astral-sh/uv/releases/assets/553169472"
provenance = "github-attestations"
